
Microsoft Visual Studio Solution File, Format Version 12.00
# Visual Studio Version 17
VisualStudioVersion = 17.5.002.0
MinimumVisualStudioVersion = 10.0.40219.1
Project("{9A19103F-16F7-4668-BE54-9A1E7A4F7556}") = "differentages", "differentages.csproj", "{6100E22B-6BA7-4BF1-8533-B7A95E280556}"
EndProject
Global
	GlobalSection(SolutionConfigurationPlatforms) = preSolution
		Debug|Any CPU = Debug|Any CPU
		Release|Any CPU = Release|Any CPU
	EndGlobalSection
	GlobalSection(ProjectConfigurationPlatforms) = postSolution
		{6100E22B-6BA7-4BF1-8533-B7A95E280556}.Debug|Any CPU.ActiveCfg = Debug|Any CPU
		{6100E22B-6BA7-4BF1-8533-B7A95E280556}.Debug|Any CPU.Build.0 = Debug|Any CPU
		{6100E22B-6BA7-4BF1-8533-B7A95E280556}.Release|Any CPU.ActiveCfg = Release|Any CPU
		{6100E22B-6BA7-4BF1-8533-B7A95E280556}.Release|Any CPU.Build.0 = Release|Any CPU
	EndGlobalSection
	GlobalSection(SolutionProperties) = preSolution
		HideSolutionNode = FALSE
	EndGlobalSection
	GlobalSection(ExtensibilityGlobals) = postSolution
		SolutionGuid = {78C4E134-9372-4A14-BECC-5E288B8E258B}
	EndGlobalSection
EndGlobal
