
Microsoft Visual Studio Solution File, Format Version 12.00
# Visual Studio Version 17
VisualStudioVersion = 17.5.002.0
MinimumVisualStudioVersion = 10.0.40219.1
Project("{9A19103F-16F7-4668-BE54-9A1E7A4F7556}") = "wbp", "wbp\wbp.csproj", "{EA594412-CDBB-4DDB-9334-97CD4FF90263}"
EndProject
Project("{9A19103F-16F7-4668-BE54-9A1E7A4F7556}") = "winterbreak", "winterbreak\winterbreak.csproj", "{76FA9C8C-6E2C-4F98-87AB-BA3DDB328763}"
EndProject
Global
	GlobalSection(SolutionConfigurationPlatforms) = preSolution
		Debug|Any CPU = Debug|Any CPU
		Release|Any CPU = Release|Any CPU
	EndGlobalSection
	GlobalSection(ProjectConfigurationPlatforms) = postSolution
		{EA594412-CDBB-4DDB-9334-97CD4FF90263}.Debug|Any CPU.ActiveCfg = Debug|Any CPU
		{EA594412-CDBB-4DDB-9334-97CD4FF90263}.Debug|Any CPU.Build.0 = Debug|Any CPU
		{EA594412-CDBB-4DDB-9334-97CD4FF90263}.Release|Any CPU.ActiveCfg = Release|Any CPU
		{EA594412-CDBB-4DDB-9334-97CD4FF90263}.Release|Any CPU.Build.0 = Release|Any CPU
		{76FA9C8C-6E2C-4F98-87AB-BA3DDB328763}.Debug|Any CPU.ActiveCfg = Debug|Any CPU
		{76FA9C8C-6E2C-4F98-87AB-BA3DDB328763}.Debug|Any CPU.Build.0 = Debug|Any CPU
		{76FA9C8C-6E2C-4F98-87AB-BA3DDB328763}.Release|Any CPU.ActiveCfg = Release|Any CPU
		{76FA9C8C-6E2C-4F98-87AB-BA3DDB328763}.Release|Any CPU.Build.0 = Release|Any CPU
	EndGlobalSection
	GlobalSection(SolutionProperties) = preSolution
		HideSolutionNode = FALSE
	EndGlobalSection
	GlobalSection(ExtensibilityGlobals) = postSolution
		SolutionGuid = {4ABC0317-EA9F-49DE-9355-BD98B0506492}
	EndGlobalSection
EndGlobal
