
Microsoft Visual Studio Solution File, Format Version 12.00
# Visual Studio Version 17
VisualStudioVersion = 17.5.002.0
MinimumVisualStudioVersion = 10.0.40219.1
Project("{9A19103F-16F7-4668-BE54-9A1E7A4F7556}") = "task3Solutions", "task3Solutions.csproj", "{4CDBE05B-28D4-4EFB-B41E-485461CD3FD9}"
EndProject
Global
	GlobalSection(SolutionConfigurationPlatforms) = preSolution
		Debug|Any CPU = Debug|Any CPU
		Release|Any CPU = Release|Any CPU
	EndGlobalSection
	GlobalSection(ProjectConfigurationPlatforms) = postSolution
		{4CDBE05B-28D4-4EFB-B41E-485461CD3FD9}.Debug|Any CPU.ActiveCfg = Debug|Any CPU
		{4CDBE05B-28D4-4EFB-B41E-485461CD3FD9}.Debug|Any CPU.Build.0 = Debug|Any CPU
		{4CDBE05B-28D4-4EFB-B41E-485461CD3FD9}.Release|Any CPU.ActiveCfg = Release|Any CPU
		{4CDBE05B-28D4-4EFB-B41E-485461CD3FD9}.Release|Any CPU.Build.0 = Release|Any CPU
	EndGlobalSection
	GlobalSection(SolutionProperties) = preSolution
		HideSolutionNode = FALSE
	EndGlobalSection
	GlobalSection(ExtensibilityGlobals) = postSolution
		SolutionGuid = {A066F1CC-C853-49F6-860E-55FF28BD3F89}
	EndGlobalSection
EndGlobal
