
Microsoft Visual Studio Solution File, Format Version 12.00
# Visual Studio Version 17
VisualStudioVersion = 17.5.002.0
MinimumVisualStudioVersion = 10.0.40219.1
Project("{9A19103F-16F7-4668-BE54-9A1E7A4F7556}") = "task3Solutions", "task3Solutions\task3Solutions.csproj", "{9A3028B0-9DBB-44FC-9036-80A8ADD4674D}"
EndProject
Project("{9A19103F-16F7-4668-BE54-9A1E7A4F7556}") = "task3", "task3\task3.csproj", "{6589D21E-36A4-4793-BDF5-FBD4CA26D06C}"
EndProject
Global
	GlobalSection(SolutionConfigurationPlatforms) = preSolution
		Debug|Any CPU = Debug|Any CPU
		Release|Any CPU = Release|Any CPU
	EndGlobalSection
	GlobalSection(ProjectConfigurationPlatforms) = postSolution
		{9A3028B0-9DBB-44FC-9036-80A8ADD4674D}.Debug|Any CPU.ActiveCfg = Debug|Any CPU
		{9A3028B0-9DBB-44FC-9036-80A8ADD4674D}.Debug|Any CPU.Build.0 = Debug|Any CPU
		{9A3028B0-9DBB-44FC-9036-80A8ADD4674D}.Release|Any CPU.ActiveCfg = Release|Any CPU
		{9A3028B0-9DBB-44FC-9036-80A8ADD4674D}.Release|Any CPU.Build.0 = Release|Any CPU
		{6589D21E-36A4-4793-BDF5-FBD4CA26D06C}.Debug|Any CPU.ActiveCfg = Debug|Any CPU
		{6589D21E-36A4-4793-BDF5-FBD4CA26D06C}.Debug|Any CPU.Build.0 = Debug|Any CPU
		{6589D21E-36A4-4793-BDF5-FBD4CA26D06C}.Release|Any CPU.ActiveCfg = Release|Any CPU
		{6589D21E-36A4-4793-BDF5-FBD4CA26D06C}.Release|Any CPU.Build.0 = Release|Any CPU
	EndGlobalSection
	GlobalSection(SolutionProperties) = preSolution
		HideSolutionNode = FALSE
	EndGlobalSection
	GlobalSection(ExtensibilityGlobals) = postSolution
		SolutionGuid = {FA18A033-D541-4413-951C-CDFAAC654D60}
	EndGlobalSection
EndGlobal
